
Microsoft Visual Studio Solution File, Format Version 12.00
# Visual Studio 15
VisualStudioVersion = 15.0.36101.20
MinimumVisualStudioVersion = 10.0.40219.1
Project("{FAE04EC0-301F-11D3-BF4B-00C04F79EFBC}") = "TIP2_PROBLEMA_MSOA", "TIP2_PROBLEMA_MSOA\TIP2_PROBLEMA_MSOA.csproj", "{28B00FDC-263C-4D8D-ACD1-9004EC291C52}"
EndProject
Global
	GlobalSection(SolutionConfigurationPlatforms) = preSolution
		Debug|Any CPU = Debug|Any CPU
		Release|Any CPU = Release|Any CPU
	EndGlobalSection
	GlobalSection(ProjectConfigurationPlatforms) = postSolution
		{28B00FDC-263C-4D8D-ACD1-9004EC291C52}.Debug|Any CPU.ActiveCfg = Debug|Any CPU
		{28B00FDC-263C-4D8D-ACD1-9004EC291C52}.Debug|Any CPU.Build.0 = Debug|Any CPU
		{28B00FDC-263C-4D8D-ACD1-9004EC291C52}.Release|Any CPU.ActiveCfg = Release|Any CPU
		{28B00FDC-263C-4D8D-ACD1-9004EC291C52}.Release|Any CPU.Build.0 = Release|Any CPU
	EndGlobalSection
	GlobalSection(SolutionProperties) = preSolution
		HideSolutionNode = FALSE
	EndGlobalSection
	GlobalSection(ExtensibilityGlobals) = postSolution
		SolutionGuid = {41A7FA94-F9D9-44E5-B458-88F30054DAAA}
	EndGlobalSection
EndGlobal
