
Microsoft Visual Studio Solution File, Format Version 12.00
# Visual Studio 15
VisualStudioVersion = 15.0.34031.82
MinimumVisualStudioVersion = 10.0.40219.1
Project("{FAE04EC0-301F-11D3-BF4B-00C04F79EFBC}") = "LAB3_MSOA_REFACUT", "LAB3_MSOA_REFACUT\LAB3_MSOA_REFACUT.csproj", "{CCDE6A86-1AD0-456F-AF9C-52B7675741FE}"
EndProject
Global
	GlobalSection(SolutionConfigurationPlatforms) = preSolution
		Debug|Any CPU = Debug|Any CPU
		Release|Any CPU = Release|Any CPU
	EndGlobalSection
	GlobalSection(ProjectConfigurationPlatforms) = postSolution
		{CCDE6A86-1AD0-456F-AF9C-52B7675741FE}.Debug|Any CPU.ActiveCfg = Debug|Any CPU
		{CCDE6A86-1AD0-456F-AF9C-52B7675741FE}.Debug|Any CPU.Build.0 = Debug|Any CPU
		{CCDE6A86-1AD0-456F-AF9C-52B7675741FE}.Release|Any CPU.ActiveCfg = Release|Any CPU
		{CCDE6A86-1AD0-456F-AF9C-52B7675741FE}.Release|Any CPU.Build.0 = Release|Any CPU
	EndGlobalSection
	GlobalSection(SolutionProperties) = preSolution
		HideSolutionNode = FALSE
	EndGlobalSection
	GlobalSection(ExtensibilityGlobals) = postSolution
		SolutionGuid = {6BF5B25A-AD68-4FE6-9229-C4369EA16B8A}
	EndGlobalSection
EndGlobal
