
Microsoft Visual Studio Solution File, Format Version 12.00
# Visual Studio Version 17
VisualStudioVersion = 17.13.35919.96 d17.13
MinimumVisualStudioVersion = 10.0.40219.1
Project("{FAE04EC0-301F-11D3-BF4B-00C04F79EFBC}") = "Lan7MSOA", "Lan7MSOA\Lan7MSOA.csproj", "{8ECD26E4-D748-4715-A8CF-0427ED0EBDC9}"
EndProject
Global
	GlobalSection(SolutionConfigurationPlatforms) = preSolution
		Debug|Any CPU = Debug|Any CPU
		Release|Any CPU = Release|Any CPU
	EndGlobalSection
	GlobalSection(ProjectConfigurationPlatforms) = postSolution
		{8ECD26E4-D748-4715-A8CF-0427ED0EBDC9}.Debug|Any CPU.ActiveCfg = Debug|Any CPU
		{8ECD26E4-D748-4715-A8CF-0427ED0EBDC9}.Debug|Any CPU.Build.0 = Debug|Any CPU
		{8ECD26E4-D748-4715-A8CF-0427ED0EBDC9}.Release|Any CPU.ActiveCfg = Release|Any CPU
		{8ECD26E4-D748-4715-A8CF-0427ED0EBDC9}.Release|Any CPU.Build.0 = Release|Any CPU
	EndGlobalSection
	GlobalSection(SolutionProperties) = preSolution
		HideSolutionNode = FALSE
	EndGlobalSection
	GlobalSection(ExtensibilityGlobals) = postSolution
		SolutionGuid = {558535D9-1FDE-4D0A-A17D-755ECE445EDB}
	EndGlobalSection
EndGlobal
