
Microsoft Visual Studio Solution File, Format Version 12.00
# Visual Studio 15
VisualStudioVersion = 15.0.36101.20
MinimumVisualStudioVersion = 10.0.40219.1
Project("{FAE04EC0-301F-11D3-BF4B-00C04F79EFBC}") = "prob2_ptP2", "prob2_ptP2\prob2_ptP2.csproj", "{DA4DF169-B275-4774-A036-6062B67A684D}"
EndProject
Global
	GlobalSection(SolutionConfigurationPlatforms) = preSolution
		Debug|Any CPU = Debug|Any CPU
		Release|Any CPU = Release|Any CPU
	EndGlobalSection
	GlobalSection(ProjectConfigurationPlatforms) = postSolution
		{DA4DF169-B275-4774-A036-6062B67A684D}.Debug|Any CPU.ActiveCfg = Debug|Any CPU
		{DA4DF169-B275-4774-A036-6062B67A684D}.Debug|Any CPU.Build.0 = Debug|Any CPU
		{DA4DF169-B275-4774-A036-6062B67A684D}.Release|Any CPU.ActiveCfg = Release|Any CPU
		{DA4DF169-B275-4774-A036-6062B67A684D}.Release|Any CPU.Build.0 = Release|Any CPU
	EndGlobalSection
	GlobalSection(SolutionProperties) = preSolution
		HideSolutionNode = FALSE
	EndGlobalSection
	GlobalSection(ExtensibilityGlobals) = postSolution
		SolutionGuid = {73B6BA6E-B046-4E8D-AFFF-C33DD2AA4CCC}
	EndGlobalSection
EndGlobal
